
Microsoft Visual Studio Solution File, Format Version 12.00
# Visual Studio Version 17
VisualStudioVersion = 17.14.36408.4
MinimumVisualStudioVersion = 10.0.40219.1
Project("{2150E333-8FDC-42A3-9474-1A3956D46DE8}") = "src", "src", "{02EA681E-C7D8-13C7-8484-4AC65E1B71E8}"
EndProject
Project("{2150E333-8FDC-42A3-9474-1A3956D46DE8}") = "test", "test", "{F0BA103D-624D-49CC-945C-8CAF301E1245}"
EndProject
Project("{FAE04EC0-301F-11D3-BF4B-00C04F79EFBC}") = "UNIR.TFE.Polyrepo.Orchestrator.Module", "src\UNIR.TFE.Polyrepo.Orchestrator.Module\UNIR.TFE.Polyrepo.Orchestrator.Module.csproj", "{205798D2-6604-4825-9232-983FCB02A376}"
EndProject
Project("{FAE04EC0-301F-11D3-BF4B-00C04F79EFBC}") = "UNIR.TFE.Polyrepo.Orchestrator.Module.Test", "test\UNIR.TFE.Polyrepo.Orchestrator.Module.Test\UNIR.TFE.Polyrepo.Orchestrator.Module.Test.csproj", "{90ABE2ED-1C30-4C92-A293-FCA3EE2EA21D}"
EndProject
Global
	GlobalSection(SolutionConfigurationPlatforms) = preSolution
		Debug|Any CPU = Debug|Any CPU
		Release|Any CPU = Release|Any CPU
	EndGlobalSection
	GlobalSection(ProjectConfigurationPlatforms) = postSolution
		{205798D2-6604-4825-9232-983FCB02A376}.Debug|Any CPU.ActiveCfg = Debug|Any CPU
		{205798D2-6604-4825-9232-983FCB02A376}.Debug|Any CPU.Build.0 = Debug|Any CPU
		{205798D2-6604-4825-9232-983FCB02A376}.Release|Any CPU.ActiveCfg = Release|Any CPU
		{205798D2-6604-4825-9232-983FCB02A376}.Release|Any CPU.Build.0 = Release|Any CPU
		{90ABE2ED-1C30-4C92-A293-FCA3EE2EA21D}.Debug|Any CPU.ActiveCfg = Debug|Any CPU
		{90ABE2ED-1C30-4C92-A293-FCA3EE2EA21D}.Debug|Any CPU.Build.0 = Debug|Any CPU
		{90ABE2ED-1C30-4C92-A293-FCA3EE2EA21D}.Release|Any CPU.ActiveCfg = Release|Any CPU
		{90ABE2ED-1C30-4C92-A293-FCA3EE2EA21D}.Release|Any CPU.Build.0 = Release|Any CPU
	EndGlobalSection
	GlobalSection(SolutionProperties) = preSolution
		HideSolutionNode = FALSE
	EndGlobalSection
	GlobalSection(NestedProjects) = preSolution
		{205798D2-6604-4825-9232-983FCB02A376} = {02EA681E-C7D8-13C7-8484-4AC65E1B71E8}
		{90ABE2ED-1C30-4C92-A293-FCA3EE2EA21D} = {F0BA103D-624D-49CC-945C-8CAF301E1245}
	EndGlobalSection
	GlobalSection(ExtensibilityGlobals) = postSolution
		SolutionGuid = {EE8CA56D-FFAC-45CF-9BF7-60739E9586C7}
	EndGlobalSection
EndGlobal
